
Microsoft Visual Studio Solution File, Format Version 12.00
# Visual Studio Version 16
VisualStudioVersion = 16.0.31702.278
MinimumVisualStudioVersion = 10.0.40219.1
Project("{FAE04EC0-301F-11D3-BF4B-00C04F79EFBC}") = "gsqrbp_irfgyak6", "gsqrbp_irfgyak6\gsqrbp_irfgyak6.csproj", "{DA84A0C3-CEAD-4129-AD79-78C02EBA4AD8}"
EndProject
Global
	GlobalSection(SolutionConfigurationPlatforms) = preSolution
		Debug|Any CPU = Debug|Any CPU
		Release|Any CPU = Release|Any CPU
	EndGlobalSection
	GlobalSection(ProjectConfigurationPlatforms) = postSolution
		{DA84A0C3-CEAD-4129-AD79-78C02EBA4AD8}.Debug|Any CPU.ActiveCfg = Debug|Any CPU
		{DA84A0C3-CEAD-4129-AD79-78C02EBA4AD8}.Debug|Any CPU.Build.0 = Debug|Any CPU
		{DA84A0C3-CEAD-4129-AD79-78C02EBA4AD8}.Release|Any CPU.ActiveCfg = Release|Any CPU
		{DA84A0C3-CEAD-4129-AD79-78C02EBA4AD8}.Release|Any CPU.Build.0 = Release|Any CPU
	EndGlobalSection
	GlobalSection(SolutionProperties) = preSolution
		HideSolutionNode = FALSE
	EndGlobalSection
	GlobalSection(ExtensibilityGlobals) = postSolution
		SolutionGuid = {4BC07F95-238C-4D2A-BB2D-5D93AAA151F2}
	EndGlobalSection
EndGlobal
