
Microsoft Visual Studio Solution File, Format Version 12.00
# Visual Studio Version 16
VisualStudioVersion = 16.0.31702.278
MinimumVisualStudioVersion = 10.0.40219.1
Project("{FAE04EC0-301F-11D3-BF4B-00C04F79EFBC}") = "UserMaintenance", "UserMaintenance\UserMaintenance.csproj", "{3E003A2A-0C35-4310-AB2F-7829068CFB85}"
EndProject
Global
	GlobalSection(SolutionConfigurationPlatforms) = preSolution
		Debug|Any CPU = Debug|Any CPU
		Release|Any CPU = Release|Any CPU
	EndGlobalSection
	GlobalSection(ProjectConfigurationPlatforms) = postSolution
		{3E003A2A-0C35-4310-AB2F-7829068CFB85}.Debug|Any CPU.ActiveCfg = Debug|Any CPU
		{3E003A2A-0C35-4310-AB2F-7829068CFB85}.Debug|Any CPU.Build.0 = Debug|Any CPU
		{3E003A2A-0C35-4310-AB2F-7829068CFB85}.Release|Any CPU.ActiveCfg = Release|Any CPU
		{3E003A2A-0C35-4310-AB2F-7829068CFB85}.Release|Any CPU.Build.0 = Release|Any CPU
	EndGlobalSection
	GlobalSection(SolutionProperties) = preSolution
		HideSolutionNode = FALSE
	EndGlobalSection
	GlobalSection(ExtensibilityGlobals) = postSolution
		SolutionGuid = {21FF29EA-B097-46A6-8C8B-5DBA4024ED4D}
	EndGlobalSection
EndGlobal
