
Microsoft Visual Studio Solution File, Format Version 12.00
# Visual Studio Version 16
VisualStudioVersion = 16.0.31702.278
MinimumVisualStudioVersion = 10.0.40219.1
Project("{FAE04EC0-301F-11D3-BF4B-00C04F79EFBC}") = "gsqrbp_irfgyak9", "gsqrbp_irfgyak9\gsqrbp_irfgyak9.csproj", "{68F1F13B-8F98-4891-AB41-75FC93C0C9F5}"
EndProject
Global
	GlobalSection(SolutionConfigurationPlatforms) = preSolution
		Debug|Any CPU = Debug|Any CPU
		Release|Any CPU = Release|Any CPU
	EndGlobalSection
	GlobalSection(ProjectConfigurationPlatforms) = postSolution
		{68F1F13B-8F98-4891-AB41-75FC93C0C9F5}.Debug|Any CPU.ActiveCfg = Debug|Any CPU
		{68F1F13B-8F98-4891-AB41-75FC93C0C9F5}.Debug|Any CPU.Build.0 = Debug|Any CPU
		{68F1F13B-8F98-4891-AB41-75FC93C0C9F5}.Release|Any CPU.ActiveCfg = Release|Any CPU
		{68F1F13B-8F98-4891-AB41-75FC93C0C9F5}.Release|Any CPU.Build.0 = Release|Any CPU
	EndGlobalSection
	GlobalSection(SolutionProperties) = preSolution
		HideSolutionNode = FALSE
	EndGlobalSection
	GlobalSection(ExtensibilityGlobals) = postSolution
		SolutionGuid = {3BDE972B-7167-4478-8D1B-804124E1F670}
	EndGlobalSection
EndGlobal
